// !$*UTF8*$!
{
	archiveVersion = 1;
	classes = {
	};
	objectVersion = 77;
	objects = {

/* Begin PBXBuildFile section */
		09FDC44E2DAEAA230087E85F /* OpenAI in Frameworks */ = {isa = PBXBuildFile; productRef = 09FDC44D2DAEAA230087E85F /* OpenAI */; };
		09FDC49C2DAF1E930087E85F /* MarkdownUI in Frameworks */ = {isa = PBXBuildFile; productRef = 09FDC49B2DAF1E930087E85F /* MarkdownUI */; };
/* End PBXBuildFile section */

/* Begin PBXContainerItemProxy section */
		09FDC4282DAEA80F0087E85F /* PBXContainerItemProxy */ = {
			isa = PBXContainerItemProxy;
			containerPortal = 09FDC4122DAEA80E0087E85F /* Project object */;
			proxyType = 1;
			remoteGlobalIDString = 09FDC4192DAEA80E0087E85F;
			remoteInfo = Neuron;
		};
		09FDC4322DAEA80F0087E85F /* PBXContainerItemProxy */ = {
			isa = PBXContainerItemProxy;
			containerPortal = 09FDC4122DAEA80E0087E85F /* Project object */;
			proxyType = 1;
			remoteGlobalIDString = 09FDC4192DAEA80E0087E85F;
			remoteInfo = Neuron;
		};
/* End PBXContainerItemProxy section */

/* Begin PBXFileReference section */
		09FDC41A2DAEA80E0087E85F /* Neuron.app */ = {isa = PBXFileReference; explicitFileType = wrapper.application; includeInIndex = 0; path = Neuron.app; sourceTree = BUILT_PRODUCTS_DIR; };
		09FDC4272DAEA80F0087E85F /* NeuronTests.xctest */ = {isa = PBXFileReference; explicitFileType = wrapper.cfbundle; includeInIndex = 0; path = NeuronTests.xctest; sourceTree = BUILT_PRODUCTS_DIR; };
		09FDC4312DAEA80F0087E85F /* NeuronUITests.xctest */ = {isa = PBXFileReference; explicitFileType = wrapper.cfbundle; includeInIndex = 0; path = NeuronUITests.xctest; sourceTree = BUILT_PRODUCTS_DIR; };
/* End PBXFileReference section */

/* Begin PBXFileSystemSynchronizedRootGroup section */
		09FDC41C2DAEA80E0087E85F /* Neuron */ = {
			isa = PBXFileSystemSynchronizedRootGroup;
			path = Neuron;
			sourceTree = "<group>";
		};
		09FDC42A2DAEA80F0087E85F /* NeuronTests */ = {
			isa = PBXFileSystemSynchronizedRootGroup;
			path = NeuronTests;
			sourceTree = "<group>";
		};
		09FDC4342DAEA80F0087E85F /* NeuronUITests */ = {
			isa = PBXFileSystemSynchronizedRootGroup;
			path = NeuronUITests;
			sourceTree = "<group>";
		};
/* End PBXFileSystemSynchronizedRootGroup section */

/* Begin PBXFrameworksBuildPhase section */
		09FDC4172DAEA80E0087E85F /* Frameworks */ = {
			isa = PBXFrameworksBuildPhase;
			buildActionMask = 2147483647;
			files = (
				09FDC44E2DAEAA230087E85F /* OpenAI in Frameworks */,
				09FDC49C2DAF1E930087E85F /* MarkdownUI in Frameworks */,
			);
			runOnlyForDeploymentPostprocessing = 0;
		};
		09FDC4242DAEA80F0087E85F /* Frameworks */ = {
			isa = PBXFrameworksBuildPhase;
			buildActionMask = 2147483647;
			files = (
			);
			runOnlyForDeploymentPostprocessing = 0;
		};
		09FDC42E2DAEA80F0087E85F /* Frameworks */ = {
			isa = PBXFrameworksBuildPhase;
			buildActionMask = 2147483647;
			files = (
			);
			runOnlyForDeploymentPostprocessing = 0;
		};
/* End PBXFrameworksBuildPhase section */

/* Begin PBXGroup section */
		09FDC4112DAEA80E0087E85F = {
			isa = PBXGroup;
			children = (
				09FDC41C2DAEA80E0087E85F /* Neuron */,
				09FDC42A2DAEA80F0087E85F /* NeuronTests */,
				09FDC4342DAEA80F0087E85F /* NeuronUITests */,
				09FDC49A2DAF1E930087E85F /* Frameworks */,
				09FDC41B2DAEA80E0087E85F /* Products */,
			);
			sourceTree = "<group>";
		};
		09FDC41B2DAEA80E0087E85F /* Products */ = {
			isa = PBXGroup;
			children = (
				09FDC41A2DAEA80E0087E85F /* Neuron.app */,
				09FDC4272DAEA80F0087E85F /* NeuronTests.xctest */,
				09FDC4312DAEA80F0087E85F /* NeuronUITests.xctest */,
			);
			name = Products;
			sourceTree = "<group>";
		};
		09FDC49A2DAF1E930087E85F /* Frameworks */ = {
			isa = PBXGroup;
			children = (
			);
			name = Frameworks;
			sourceTree = "<group>";
		};
/* End PBXGroup section */

/* Begin PBXNativeTarget section */
		09FDC4192DAEA80E0087E85F /* Neuron */ = {
			isa = PBXNativeTarget;
			buildConfigurationList = 09FDC43B2DAEA80F0087E85F /* Build configuration list for PBXNativeTarget "Neuron" */;
			buildPhases = (
				09FDC4162DAEA80E0087E85F /* Sources */,
				09FDC4172DAEA80E0087E85F /* Frameworks */,
				09FDC4182DAEA80E0087E85F /* Resources */,
			);
			buildRules = (
			);
			dependencies = (
			);
			fileSystemSynchronizedGroups = (
				09FDC41C2DAEA80E0087E85F /* Neuron */,
			);
			name = Neuron;
			packageProductDependencies = (
				09FDC44D2DAEAA230087E85F /* OpenAI */,
				09FDC49B2DAF1E930087E85F /* MarkdownUI */,
			);
			productName = Neuron;
			productReference = 09FDC41A2DAEA80E0087E85F /* Neuron.app */;
			productType = "com.apple.product-type.application";
		};
		09FDC4262DAEA80F0087E85F /* NeuronTests */ = {
			isa = PBXNativeTarget;
			buildConfigurationList = 09FDC43E2DAEA80F0087E85F /* Build configuration list for PBXNativeTarget "NeuronTests" */;
			buildPhases = (
				09FDC4232DAEA80F0087E85F /* Sources */,
				09FDC4242DAEA80F0087E85F /* Frameworks */,
				09FDC4252DAEA80F0087E85F /* Resources */,
			);
			buildRules = (
			);
			dependencies = (
				09FDC4292DAEA80F0087E85F /* PBXTargetDependency */,
			);
			fileSystemSynchronizedGroups = (
				09FDC42A2DAEA80F0087E85F /* NeuronTests */,
			);
			name = NeuronTests;
			packageProductDependencies = (
			);
			productName = NeuronTests;
			productReference = 09FDC4272DAEA80F0087E85F /* NeuronTests.xctest */;
			productType = "com.apple.product-type.bundle.unit-test";
		};
		09FDC4302DAEA80F0087E85F /* NeuronUITests */ = {
			isa = PBXNativeTarget;
			buildConfigurationList = 09FDC4412DAEA80F0087E85F /* Build configuration list for PBXNativeTarget "NeuronUITests" */;
			buildPhases = (
				09FDC42D2DAEA80F0087E85F /* Sources */,
				09FDC42E2DAEA80F0087E85F /* Frameworks */,
				09FDC42F2DAEA80F0087E85F /* Resources */,
			);
			buildRules = (
			);
			dependencies = (
				09FDC4332DAEA80F0087E85F /* PBXTargetDependency */,
			);
			fileSystemSynchronizedGroups = (
				09FDC4342DAEA80F0087E85F /* NeuronUITests */,
			);
			name = NeuronUITests;
			packageProductDependencies = (
			);
			productName = NeuronUITests;
			productReference = 09FDC4312DAEA80F0087E85F /* NeuronUITests.xctest */;
			productType = "com.apple.product-type.bundle.ui-testing";
		};
/* End PBXNativeTarget section */

/* Begin PBXProject section */
		09FDC4122DAEA80E0087E85F /* Project object */ = {
			isa = PBXProject;
			attributes = {
				BuildIndependentTargetsInParallel = 1;
				LastSwiftUpdateCheck = 1630;
				LastUpgradeCheck = 1630;
				TargetAttributes = {
					09FDC4192DAEA80E0087E85F = {
						CreatedOnToolsVersion = 16.3;
					};
					09FDC4262DAEA80F0087E85F = {
						CreatedOnToolsVersion = 16.3;
						TestTargetID = 09FDC4192DAEA80E0087E85F;
					};
					09FDC4302DAEA80F0087E85F = {
						CreatedOnToolsVersion = 16.3;
						TestTargetID = 09FDC4192DAEA80E0087E85F;
					};
				};
			};
			buildConfigurationList = 09FDC4152DAEA80E0087E85F /* Build configuration list for PBXProject "Neuron" */;
			developmentRegion = en;
			hasScannedForEncodings = 0;
			knownRegions = (
				en,
				Base,
			);
			mainGroup = 09FDC4112DAEA80E0087E85F;
			minimizedProjectReferenceProxies = 1;
			packageReferences = (
				09FDC44C2DAEAA230087E85F /* XCRemoteSwiftPackageReference "OpenAI" */,
				09FDC4972DAF1CE40087E85F /* XCRemoteSwiftPackageReference "MarkdownUI" */,
			);
			preferredProjectObjectVersion = 77;
			productRefGroup = 09FDC41B2DAEA80E0087E85F /* Products */;
			projectDirPath = "";
			projectRoot = "";
			targets = (
				09FDC4192DAEA80E0087E85F /* Neuron */,
				09FDC4262DAEA80F0087E85F /* NeuronTests */,
				09FDC4302DAEA80F0087E85F /* NeuronUITests */,
			);
		};
/* End PBXProject section */

/* Begin PBXResourcesBuildPhase section */
		09FDC4182DAEA80E0087E85F /* Resources */ = {
			isa = PBXResourcesBuildPhase;
			buildActionMask = 2147483647;
			files = (
			);
			runOnlyForDeploymentPostprocessing = 0;
		};
		09FDC4252DAEA80F0087E85F /* Resources */ = {
			isa = PBXResourcesBuildPhase;
			buildActionMask = 2147483647;
			files = (
			);
			runOnlyForDeploymentPostprocessing = 0;
		};
		09FDC42F2DAEA80F0087E85F /* Resources */ = {
			isa = PBXResourcesBuildPhase;
			buildActionMask = 2147483647;
			files = (
			);
			runOnlyForDeploymentPostprocessing = 0;
		};
/* End PBXResourcesBuildPhase section */

/* Begin PBXSourcesBuildPhase section */
		09FDC4162DAEA80E0087E85F /* Sources */ = {
			isa = PBXSourcesBuildPhase;
			buildActionMask = 2147483647;
			files = (
			);
			runOnlyForDeploymentPostprocessing = 0;
		};
		09FDC4232DAEA80F0087E85F /* Sources */ = {
			isa = PBXSourcesBuildPhase;
			buildActionMask = 2147483647;
			files = (
			);
			runOnlyForDeploymentPostprocessing = 0;
		};
		09FDC42D2DAEA80F0087E85F /* Sources */ = {
			isa = PBXSourcesBuildPhase;
			buildActionMask = 2147483647;
			files = (
			);
			runOnlyForDeploymentPostprocessing = 0;
		};
/* End PBXSourcesBuildPhase section */

/* Begin PBXTargetDependency section */
		09FDC4292DAEA80F0087E85F /* PBXTargetDependency */ = {
			isa = PBXTargetDependency;
			target = 09FDC4192DAEA80E0087E85F /* Neuron */;
			targetProxy = 09FDC4282DAEA80F0087E85F /* PBXContainerItemProxy */;
		};
		09FDC4332DAEA80F0087E85F /* PBXTargetDependency */ = {
			isa = PBXTargetDependency;
			target = 09FDC4192DAEA80E0087E85F /* Neuron */;
			targetProxy = 09FDC4322DAEA80F0087E85F /* PBXContainerItemProxy */;
		};
/* End PBXTargetDependency section */

/* Begin XCBuildConfiguration section */
		09FDC4392DAEA80F0087E85F /* Debug */ = {
			isa = XCBuildConfiguration;
			buildSettings = {
				ALWAYS_SEARCH_USER_PATHS = NO;
				ASSETCATALOG_COMPILER_GENERATE_SWIFT_ASSET_SYMBOL_EXTENSIONS = YES;
				CLANG_ANALYZER_NONNULL = YES;
				CLANG_ANALYZER_NUMBER_OBJECT_CONVERSION = YES_AGGRESSIVE;
				CLANG_CXX_LANGUAGE_STANDARD = "gnu++20";
				CLANG_ENABLE_MODULES = YES;
				CLANG_ENABLE_OBJC_ARC = YES;
				CLANG_ENABLE_OBJC_WEAK = YES;
				CLANG_WARN_BLOCK_CAPTURE_AUTORELEASING = YES;
				CLANG_WARN_BOOL_CONVERSION = YES;
				CLANG_WARN_COMMA = YES;
				CLANG_WARN_CONSTANT_CONVERSION = YES;
				CLANG_WARN_DEPRECATED_OBJC_IMPLEMENTATIONS = YES;
				CLANG_WARN_DIRECT_OBJC_ISA_USAGE = YES_ERROR;
				CLANG_WARN_DOCUMENTATION_COMMENTS = YES;
				CLANG_WARN_EMPTY_BODY = YES;
				CLANG_WARN_ENUM_CONVERSION = YES;
				CLANG_WARN_INFINITE_RECURSION = YES;
				CLANG_WARN_INT_CONVERSION = YES;
				CLANG_WARN_NON_LITERAL_NULL_CONVERSION = YES;
				CLANG_WARN_OBJC_IMPLICIT_RETAIN_SELF = YES;
				CLANG_WARN_OBJC_LITERAL_CONVERSION = YES;
				CLANG_WARN_OBJC_ROOT_CLASS = YES_ERROR;
				CLANG_WARN_QUOTED_INCLUDE_IN_FRAMEWORK_HEADER = YES;
				CLANG_WARN_RANGE_LOOP_ANALYSIS = YES;
				CLANG_WARN_STRICT_PROTOTYPES = YES;
				CLANG_WARN_SUSPICIOUS_MOVE = YES;
				CLANG_WARN_UNGUARDED_AVAILABILITY = YES_AGGRESSIVE;
				CLANG_WARN_UNREACHABLE_CODE = YES;
				CLANG_WARN__DUPLICATE_METHOD_MATCH = YES;
				COPY_PHASE_STRIP = NO;
				DEBUG_INFORMATION_FORMAT = dwarf;
				DEVELOPMENT_TEAM = RAAYTEM67T;
				ENABLE_STRICT_OBJC_MSGSEND = YES;
				ENABLE_TESTABILITY = YES;
				ENABLE_USER_SCRIPT_SANDBOXING = YES;
				GCC_C_LANGUAGE_STANDARD = gnu17;
				GCC_DYNAMIC_NO_PIC = NO;
				GCC_NO_COMMON_BLOCKS = YES;
				GCC_OPTIMIZATION_LEVEL = 0;
				GCC_PREPROCESSOR_DEFINITIONS = (
					"DEBUG=1",
					"$(inherited)",
				);
				GCC_WARN_64_TO_32_BIT_CONVERSION = YES;
				GCC_WARN_ABOUT_RETURN_TYPE = YES_ERROR;
				GCC_WARN_UNDECLARED_SELECTOR = YES;
				GCC_WARN_UNINITIALIZED_AUTOS = YES_AGGRESSIVE;
				GCC_WARN_UNUSED_FUNCTION = YES;
				GCC_WARN_UNUSED_VARIABLE = YES;
				IPHONEOS_DEPLOYMENT_TARGET = 18.4;
				LOCALIZATION_PREFERS_STRING_CATALOGS = YES;
				MTL_ENABLE_DEBUG_INFO = INCLUDE_SOURCE;
				MTL_FAST_MATH = YES;
				ONLY_ACTIVE_ARCH = YES;
				SDKROOT = iphoneos;
				SWIFT_ACTIVE_COMPILATION_CONDITIONS = "DEBUG $(inherited)";
				SWIFT_OPTIMIZATION_LEVEL = "-Onone";
			};
			name = Debug;
		};
		09FDC43A2DAEA80F0087E85F /* Release */ = {
			isa = XCBuildConfiguration;
			buildSettings = {
				ALWAYS_SEARCH_USER_PATHS = NO;
				ASSETCATALOG_COMPILER_GENERATE_SWIFT_ASSET_SYMBOL_EXTENSIONS = YES;
				CLANG_ANALYZER_NONNULL = YES;
				CLANG_ANALYZER_NUMBER_OBJECT_CONVERSION = YES_AGGRESSIVE;
				CLANG_CXX_LANGUAGE_STANDARD = "gnu++20";
				CLANG_ENABLE_MODULES = YES;
				CLANG_ENABLE_OBJC_ARC = YES;
				CLANG_ENABLE_OBJC_WEAK = YES;
				CLANG_WARN_BLOCK_CAPTURE_AUTORELEASING = YES;
				CLANG_WARN_BOOL_CONVERSION = YES;
				CLANG_WARN_COMMA = YES;
				CLANG_WARN_CONSTANT_CONVERSION = YES;
				CLANG_WARN_DEPRECATED_OBJC_IMPLEMENTATIONS = YES;
				CLANG_WARN_DIRECT_OBJC_ISA_USAGE = YES_ERROR;
				CLANG_WARN_DOCUMENTATION_COMMENTS = YES;
				CLANG_WARN_EMPTY_BODY = YES;
				CLANG_WARN_ENUM_CONVERSION = YES;
				CLANG_WARN_INFINITE_RECURSION = YES;
				CLANG_WARN_INT_CONVERSION = YES;
				CLANG_WARN_NON_LITERAL_NULL_CONVERSION = YES;
				CLANG_WARN_OBJC_IMPLICIT_RETAIN_SELF = YES;
				CLANG_WARN_OBJC_LITERAL_CONVERSION = YES;
				CLANG_WARN_OBJC_ROOT_CLASS = YES_ERROR;
				CLANG_WARN_QUOTED_INCLUDE_IN_FRAMEWORK_HEADER = YES;
				CLANG_WARN_RANGE_LOOP_ANALYSIS = YES;
				CLANG_WARN_STRICT_PROTOTYPES = YES;
				CLANG_WARN_SUSPICIOUS_MOVE = YES;
				CLANG_WARN_UNGUARDED_AVAILABILITY = YES_AGGRESSIVE;
				CLANG_WARN_UNREACHABLE_CODE = YES;
				CLANG_WARN__DUPLICATE_METHOD_MATCH = YES;
				COPY_PHASE_STRIP = NO;
				DEBUG_INFORMATION_FORMAT = "dwarf-with-dsym";
				DEVELOPMENT_TEAM = RAAYTEM67T;
				ENABLE_NS_ASSERTIONS = NO;
				ENABLE_STRICT_OBJC_MSGSEND = YES;
				ENABLE_USER_SCRIPT_SANDBOXING = YES;
				GCC_C_LANGUAGE_STANDARD = gnu17;
				GCC_NO_COMMON_BLOCKS = YES;
				GCC_WARN_64_TO_32_BIT_CONVERSION = YES;
				GCC_WARN_ABOUT_RETURN_TYPE = YES_ERROR;
				GCC_WARN_UNDECLARED_SELECTOR = YES;
				GCC_WARN_UNINITIALIZED_AUTOS = YES_AGGRESSIVE;
				GCC_WARN_UNUSED_FUNCTION = YES;
				GCC_WARN_UNUSED_VARIABLE = YES;
				IPHONEOS_DEPLOYMENT_TARGET = 18.4;
				LOCALIZATION_PREFERS_STRING_CATALOGS = YES;
				MTL_ENABLE_DEBUG_INFO = NO;
				MTL_FAST_MATH = YES;
				SDKROOT = iphoneos;
				SWIFT_COMPILATION_MODE = wholemodule;
				VALIDATE_PRODUCT = YES;
			};
			name = Release;
		};
		09FDC43C2DAEA80F0087E85F /* Debug */ = {
			isa = XCBuildConfiguration;
			buildSettings = {
				ASSETCATALOG_COMPILER_APPICON_NAME = AppIcon;
				ASSETCATALOG_COMPILER_GLOBAL_ACCENT_COLOR_NAME = AccentColor;
				CODE_SIGN_STYLE = Automatic;
				CURRENT_PROJECT_VERSION = 1;
				DEVELOPMENT_TEAM = RAAYTEM67T;
				ENABLE_PREVIEWS = YES;
				GENERATE_INFOPLIST_FILE = YES;
				INFOPLIST_KEY_UIApplicationSceneManifest_Generation = YES;
				INFOPLIST_KEY_UIApplicationSupportsIndirectInputEvents = YES;
				INFOPLIST_KEY_UILaunchScreen_Generation = YES;
				INFOPLIST_KEY_UISupportedInterfaceOrientations_iPad = "UIInterfaceOrientationPortrait UIInterfaceOrientationPortraitUpsideDown UIInterfaceOrientationLandscapeLeft UIInterfaceOrientationLandscapeRight";
				INFOPLIST_KEY_UISupportedInterfaceOrientations_iPhone = "UIInterfaceOrientationPortrait UIInterfaceOrientationLandscapeLeft UIInterfaceOrientationLandscapeRight";
				LD_RUNPATH_SEARCH_PATHS = (
					"$(inherited)",
					"@executable_path/Frameworks",
				);
				MARKETING_VERSION = 1.0;
				PRODUCT_BUNDLE_IDENTIFIER = com.jacq.Neuron;
				PRODUCT_NAME = "$(TARGET_NAME)";
				SWIFT_EMIT_LOC_STRINGS = YES;
				SWIFT_VERSION = 5.0;
				TARGETED_DEVICE_FAMILY = "1,2";
			};
			name = Debug;
		};
		09FDC43D2DAEA80F0087E85F /* Release */ = {
			isa = XCBuildConfiguration;
			buildSettings = {
				ASSETCATALOG_COMPILER_APPICON_NAME = AppIcon;
				ASSETCATALOG_COMPILER_GLOBAL_ACCENT_COLOR_NAME = AccentColor;
				CODE_SIGN_STYLE = Automatic;
				CURRENT_PROJECT_VERSION = 1;
				DEVELOPMENT_TEAM = RAAYTEM67T;
				ENABLE_PREVIEWS = YES;
				GENERATE_INFOPLIST_FILE = YES;
				INFOPLIST_KEY_UIApplicationSceneManifest_Generation = YES;
				INFOPLIST_KEY_UIApplicationSupportsIndirectInputEvents = YES;
				INFOPLIST_KEY_UILaunchScreen_Generation = YES;
				INFOPLIST_KEY_UISupportedInterfaceOrientations_iPad = "UIInterfaceOrientationPortrait UIInterfaceOrientationPortraitUpsideDown UIInterfaceOrientationLandscapeLeft UIInterfaceOrientationLandscapeRight";
				INFOPLIST_KEY_UISupportedInterfaceOrientations_iPhone = "UIInterfaceOrientationPortrait UIInterfaceOrientationLandscapeLeft UIInterfaceOrientationLandscapeRight";
				LD_RUNPATH_SEARCH_PATHS = (
					"$(inherited)",
					"@executable_path/Frameworks",
				);
				MARKETING_VERSION = 1.0;
				PRODUCT_BUNDLE_IDENTIFIER = com.jacq.Neuron;
				PRODUCT_NAME = "$(TARGET_NAME)";
				SWIFT_EMIT_LOC_STRINGS = YES;
				SWIFT_VERSION = 5.0;
				TARGETED_DEVICE_FAMILY = "1,2";
			};
			name = Release;
		};
		09FDC43F2DAEA80F0087E85F /* Debug */ = {
			isa = XCBuildConfiguration;
			buildSettings = {
				BUNDLE_LOADER = "$(TEST_HOST)";
				CODE_SIGN_STYLE = Automatic;
				CURRENT_PROJECT_VERSION = 1;
				DEVELOPMENT_TEAM = RAAYTEM67T;
				GENERATE_INFOPLIST_FILE = YES;
				IPHONEOS_DEPLOYMENT_TARGET = 18.4;
				MARKETING_VERSION = 1.0;
				PRODUCT_BUNDLE_IDENTIFIER = com.jacq.NeuronTests;
				PRODUCT_NAME = "$(TARGET_NAME)";
				SWIFT_EMIT_LOC_STRINGS = NO;
				SWIFT_VERSION = 5.0;
				TARGETED_DEVICE_FAMILY = "1,2";
				TEST_HOST = "$(BUILT_PRODUCTS_DIR)/Neuron.app/$(BUNDLE_EXECUTABLE_FOLDER_PATH)/Neuron";
			};
			name = Debug;
		};
		09FDC4402DAEA80F0087E85F /* Release */ = {
			isa = XCBuildConfiguration;
			buildSettings = {
				BUNDLE_LOADER = "$(TEST_HOST)";
				CODE_SIGN_STYLE = Automatic;
				CURRENT_PROJECT_VERSION = 1;
				DEVELOPMENT_TEAM = RAAYTEM67T;
				GENERATE_INFOPLIST_FILE = YES;
				IPHONEOS_DEPLOYMENT_TARGET = 18.4;
				MARKETING_VERSION = 1.0;
				PRODUCT_BUNDLE_IDENTIFIER = com.jacq.NeuronTests;
				PRODUCT_NAME = "$(TARGET_NAME)";
				SWIFT_EMIT_LOC_STRINGS = NO;
				SWIFT_VERSION = 5.0;
				TARGETED_DEVICE_FAMILY = "1,2";
				TEST_HOST = "$(BUILT_PRODUCTS_DIR)/Neuron.app/$(BUNDLE_EXECUTABLE_FOLDER_PATH)/Neuron";
			};
			name = Release;
		};
		09FDC4422DAEA80F0087E85F /* Debug */ = {
			isa = XCBuildConfiguration;
			buildSettings = {
				CODE_SIGN_STYLE = Automatic;
				CURRENT_PROJECT_VERSION = 1;
				DEVELOPMENT_TEAM = RAAYTEM67T;
				GENERATE_INFOPLIST_FILE = YES;
				MARKETING_VERSION = 1.0;
				PRODUCT_BUNDLE_IDENTIFIER = com.jacq.NeuronUITests;
				PRODUCT_NAME = "$(TARGET_NAME)";
				SWIFT_EMIT_LOC_STRINGS = NO;
				SWIFT_VERSION = 5.0;
				TARGETED_DEVICE_FAMILY = "1,2";
				TEST_TARGET_NAME = Neuron;
			};
			name = Debug;
		};
		09FDC4432DAEA80F0087E85F /* Release */ = {
			isa = XCBuildConfiguration;
			buildSettings = {
				CODE_SIGN_STYLE = Automatic;
				CURRENT_PROJECT_VERSION = 1;
				DEVELOPMENT_TEAM = RAAYTEM67T;
				GENERATE_INFOPLIST_FILE = YES;
				MARKETING_VERSION = 1.0;
				PRODUCT_BUNDLE_IDENTIFIER = com.jacq.NeuronUITests;
				PRODUCT_NAME = "$(TARGET_NAME)";
				SWIFT_EMIT_LOC_STRINGS = NO;
				SWIFT_VERSION = 5.0;
				TARGETED_DEVICE_FAMILY = "1,2";
				TEST_TARGET_NAME = Neuron;
			};
			name = Release;
		};
/* End XCBuildConfiguration section */

/* Begin XCConfigurationList section */
		09FDC4152DAEA80E0087E85F /* Build configuration list for PBXProject "Neuron" */ = {
			isa = XCConfigurationList;
			buildConfigurations = (
				09FDC4392DAEA80F0087E85F /* Debug */,
				09FDC43A2DAEA80F0087E85F /* Release */,
			);
			defaultConfigurationIsVisible = 0;
			defaultConfigurationName = Release;
		};
		09FDC43B2DAEA80F0087E85F /* Build configuration list for PBXNativeTarget "Neuron" */ = {
			isa = XCConfigurationList;
			buildConfigurations = (
				09FDC43C2DAEA80F0087E85F /* Debug */,
				09FDC43D2DAEA80F0087E85F /* Release */,
			);
			defaultConfigurationIsVisible = 0;
			defaultConfigurationName = Release;
		};
		09FDC43E2DAEA80F0087E85F /* Build configuration list for PBXNativeTarget "NeuronTests" */ = {
			isa = XCConfigurationList;
			buildConfigurations = (
				09FDC43F2DAEA80F0087E85F /* Debug */,
				09FDC4402DAEA80F0087E85F /* Release */,
			);
			defaultConfigurationIsVisible = 0;
			defaultConfigurationName = Release;
		};
		09FDC4412DAEA80F0087E85F /* Build configuration list for PBXNativeTarget "NeuronUITests" */ = {
			isa = XCConfigurationList;
			buildConfigurations = (
				09FDC4422DAEA80F0087E85F /* Debug */,
				09FDC4432DAEA80F0087E85F /* Release */,
			);
			defaultConfigurationIsVisible = 0;
			defaultConfigurationName = Release;
		};
/* End XCConfigurationList section */

/* Begin XCRemoteSwiftPackageReference section */
		09FDC44C2DAEAA230087E85F /* XCRemoteSwiftPackageReference "OpenAI" */ = {
			isa = XCRemoteSwiftPackageReference;
			repositoryURL = "https://github.com/MacPaw/OpenAI";
			requirement = {
				kind = upToNextMajorVersion;
				minimumVersion = 0.4.1;
			};
		};
		09FDC4972DAF1CE40087E85F /* XCRemoteSwiftPackageReference "MarkdownUI" */ = {
			isa = XCRemoteSwiftPackageReference;
			repositoryURL = "https://github.com/gonzalezreal/MarkdownUI";
			requirement = {
				kind = upToNextMajorVersion;
				minimumVersion = 2.4.1;
			};
		};
/* End XCRemoteSwiftPackageReference section */

/* Begin XCSwiftPackageProductDependency section */
		09FDC44D2DAEAA230087E85F /* OpenAI */ = {
			isa = XCSwiftPackageProductDependency;
			package = 09FDC44C2DAEAA230087E85F /* XCRemoteSwiftPackageReference "OpenAI" */;
			productName = OpenAI;
		};
		09FDC49B2DAF1E930087E85F /* MarkdownUI */ = {
			isa = XCSwiftPackageProductDependency;
			package = 09FDC4972DAF1CE40087E85F /* XCRemoteSwiftPackageReference "MarkdownUI" */;
			productName = MarkdownUI;
		};
/* End XCSwiftPackageProductDependency section */
	};
	rootObject = 09FDC4122DAEA80E0087E85F /* Project object */;
}
